@grove 1
# AUTO-GENERATED. Do not edit. Use `grove` CLI.
# checksum: sha256:3c4941af1e88ec724d3e13b0ce1ac9177ff0343bd80139236f5ef847ccea814a
g G-01 status=verified fitness_kind=count t_created=2026-09-26T20:48:18Z t_updated=2026-09-26T20:53:32Z "Define the feature/tp2-nvlink product contract"
  area: A-01
  fitness_target: 2
  fitness_current: 2

w W-01 type=spike status=done cynefin=complex t_created=2026-09-26T20:48:18Z t_updated=2026-09-26T20:50:05Z "Map dual-GPU baselines and constraints"
  goals: G-01
  fitness: G-01=+1
  surface: CMakeLists.txt, AGENTS.md, README.md, include/ninfer, src/core, src/artifact, src/ops, src/runtime, src/targets, tests, docs
  ac:
    | Current checkout, hardware topology, and product-contract conflicts are recorded with concrete anchors.
    | The dual RTX 3090 and upstream TP2 references are compared by execution model, transport, support matrix, evidence, and integration risk.
    | Blocking product choices and falsifiable assumptions are represented as Question, Assumption, or Decision records.
  exit:
    | Record a user-decidable product-scope question and one technically preferred integration direction without changing production code.
  evidence_strategy:
    | Use Git ancestry and overlap, active source and documentation, reference-branch design records, and local NVIDIA topology output.
  evidence:
    | Checkout evidence: README.md and CMakeLists.txt define RTX 3090 and SM86, while AGENTS.md and docs/performance.md retain RTX 5090 and SM120 claims; the current feature/tp2-nvlink branch equals origin/master.
    | Hardware and reference evidence: two 24 GiB SM86 RTX 3090s expose NV4 with four active 14.062 GB/s links per GPU; nvlink-ref is a partial eager groupwise route, while tp2/master is a full split and captured-graph SM120 route.
    | Integration evidence: nvlink-ref and tp2/master are 259 and 263 current commits behind, overlap 53 and 72 files changed since their merge bases, and yield 86 and 109 three-way conflict markers; Q-01 to Q-03, B-01 to B-05, and D-01 to D-02 record the outcomes.
  why:
    | The branch name and configured remotes imply dual-GPU intent, but the current product authorities still define conflicting one-GPU SM86 and one-GPU SM120 contracts.

w W-02 type=spike status=done cynefin=clear t_created=2026-09-26T20:53:31Z t_updated=2026-09-26T20:53:32Z "Record confirmed dual-GPU scope"
  goals: G-01
  fitness: G-01=+1
  surface: .grove
  ac:
    | Q-01 records the exact user-confirmed initial support matrix and exclusions.
    | An accepted Decision records the product contract that future delivery must satisfy.
  exit:
    | The product scope is explicit, accepted, and available through the Grove graph.
  evidence_strategy:
    | Use the user's explicit confirmation and inspect the resulting Question and Decision records.
  evidence:
    | User explicitly confirmed the recommended scope; Q-01 is answered with the complete support matrix and exclusions, and D-03 is accepted with the same contract.
  why:
    | The confirmed scope must become durable project state before technical discovery continues.

w W-03 type=spike status=progress cynefin=complex session=host:0a24ba375e797304 session_at=2026-09-26T21:01:24Z t_created=2026-09-26T21:00:58Z t_updated=2026-09-26T22:56:39Z "Qualify SM86 shard maps for end-to-end TP2"
  goals: G-01
  fitness: G-01=+0
  surface: src/core, src/ops, src/runtime, src/targets, tests, benchmarks, docs
  ac:
    | Independent Op-oracle checks pass for the selected full-TP2, partial-shard, and single-GPU routes at representative C1 and C8 shapes.
    | Matched prefill, decode, MTP3, and C8 serving measurements identify the best SM86 shard map with numerical behavior preserved.
    | Q-03 is answered and B-05 is closed with the measured winner and its applicable workload limits.
  hypothesis:
    | A full TP2 route using NVLink-aware collectives will outperform partial graph parallelism at the confirmed workloads because it balances weight, KV, and execution traffic across both GPUs.
  exit:
    | Produce an accepted shard-map decision and a validated or invalidated-acceptable performance assumption; no production implementation is delivered by this spike.
  evidence_strategy:
    | Run independent Op-oracle qualification and matched real-artifact TP1, partial-shard, and full-TP2 benchmarks on the two local RTX 3090s, recording commands and results in Grove evidence.
  evidence:
    | Discovery started: nvidia-smi reports two RTX 3090 GPUs, compute capability 8.6, 24 GiB each, with NV4 topology; command: nvidia-smi --query-gpu=name,compute_cap,memory.total --format=csv,noheader && nvidia-smi topo -m.
    | Qualification is currently blocked: nvcc, build/, out/, and a registered dual-GPU artifact are absent in this checkout, so independent Op-oracle and matched end-to-end measurements cannot be claimed.
    | Reference-only evidence is non-transferable: tp2/master documents TP2 measurements on two RTX 5090s with host-staged PCIe transport, while the active question requires SM86 NVLink qualification.
    | Correction: CUDA toolkit is available; /usr/local/cuda/bin/nvcc reports CUDA 13.4.92 (SM86-capable). The remaining qualification blockers are build configuration, a registered TP2 artifact, and runnable TP2 benchmark targets.
    | Artifact verified: /opt/ai/models/qwen3_8_27b.ninfer exists, size 18,210,531,328 bytes, SHA-256 eec39564993d6e9c7d5e383382a760f093465c9d163ec9a1bd6b80199514bf3e, matching the supplied tp2 reference.
    | Build diagnosis: the reported GCC 13 link failed because system libsrt-gnutls.so.1.5 requires __cxa_call_terminate@CXXABI_1.3.15, while GCC 13's link-time libstdc++ lacks that symbol; the installed runtime libstdc++.so.6 is newer but is not the GCC 13 linker input.
    | Build qualification: reconfigured with /usr/bin/gcc-15 and /usr/bin/g++-15, CUDA 13.4.92, CMAKE_CUDA_ARCHITECTURES=86, apps enabled, tests and benchmarks disabled; cmake --build build-sm86-gcc15 -j completed all 454/454 targets successfully.
    | Executable smoke surface: build-sm86-gcc15/apps/ninfer --help runs and exposes the current single-device CLI; no TP2 option is present in this checkout's application surface.
    | Artifact/runtime smoke: build-sm86-gcc15/apps/ninfer loaded /opt/ai/models/qwen3_8_27b.ninfer as qwen3_8_27b/groupwise-int on device 0 and generated one greedy token (OK) with max-context 4096, INT8 KV, and no CUDA graph; exit 0.
    | Qualification build: build-sm86-gcc15-qual configured with BUILD_TESTING=ON and NINFER_BUILD_BENCHMARKS=ON; cmake --build completed 1010/1010 targets; full ctest passed 99/99, with six real-artifact tests skipped by their opt-in guards.
    | Partial candidate source: detached worktree /tmp/ninfer-nvlink-ref at nvlink-ref commit 63dcb9a9 ('shard Qwen KV cache across NVLink devices') configured for SM86 with GCC 15; its build completed 746/746 targets, and ninfer_decode_graph_test plus ninfer_graph_shard_kernels_test passed 2/2.
    | CUDA probe on the partial candidate reports cuda=0 and cuda=1 as RTX 3090 SM86 devices with peer 0->1=1 and 1->0=1.
    | Partial candidate real-artifact smoke passed with /opt/ai/models/qwen3_8_27b.ninfer, --devices 0,1, INT8 KV, greedy, and one generated OK token; the run reported 11.09 GiB primary weights and 4.83 GiB secondary weights.
    | Matched partial-vs-TP1 benchmark, same artifact/commit/toolchain, INT8 KV, warmup 1 plus 3 repetitions, pp512/pp2048/tg256/pp2048+tg256: TP1→partial prefill +45.46%/+46.89%/—/+47.93%; decode +44.88% and +45.01% in decode workloads; combined pp2048+tg256 total time -31.31% (13.0817s→8.98546s).
    | Matched C8 serving wave, eight OpenAI Chat Completion requests, 64 output tokens each, max-context/KV 8192, INT8 KV, no prefix reuse, greedy: TP1 makespan 6.495s / 78.82 aggregate client tok/s; partial makespan 4.933s / 103.80 aggregate client tok/s, a +31.7% aggregate improvement. Server logs report TP1 79.03 and partial 104.03 tok/s from request completion times.
    | Numerical limitation: graph-shard kernel oracle test passed, but the same 64-token greedy prompt diverged at generated-token index 22 between TP1 and partial routes (24/64 token IDs equal); full-TP2 evidence is still absent, so B-05 and Q-03 remain open.
    | Full-TP2 feasibility check: detached tp2/master commit 6a355d5a hard-fails CMake configuration for CMAKE_CUDA_ARCHITECTURES=86 because its current implementation accepts only 120a; it cannot be run as SM86 evidence without a forward port.
    | Matched MTP3 benchmark, same artifact/commit/toolchain, INT8 KV, draft window 3 with optimized draft head, warmup 1 plus 3 repetitions, pp512/tg256/pp2048+tg256: TP1→partial prefill +44.16%/+47.20%, decode +21.03%/+31.12% where measured, and combined total time -27.10% (6.54828s→4.77353s); combined MTP acceptance was identical at 94.9748% with accepted-per-position [192,189,186].

w W-04 type=feature status=progress cynefin=complicated session=host:0a24ba375e797304 session_at=2026-09-26T23:15:58Z t_created=2026-09-26T23:15:51Z t_updated=2026-09-26T23:15:58Z "Implement full SM86 TP2 with NVLink for Qwen3.8-27B"
  goals: G-01
  fitness: G-01=+1
  surface: src, include, apps, bench, tests, tools
  ac:
    | The registered qwen3_8_27b groupwise-int artifact loads and executes full TP2 on two RTX 3090 SM86 devices with --devices 0,1 and NVLink peer transport.
    | Full TP2 passes independent Op-oracle and representative end-to-end correctness checks for prefill, decode, MTP3, prefix reuse, and C8 serving without changing the TP1 route.
    | Full TP2 supports CUDA Graph capture/replay at the supported decode frontiers and records matched TP1, partial, and full-TP2 measurements for the declared workloads.
  hypothesis:
    | Port the complete tensor-parallel execution and state ownership to the current SM86 runtime, using direct NVLink collectives so both RTX 3090s carry model execution rather than a partial rank-0 route.
  repro:
    | Build with GCC/G++ 15, CUDA 13.4, CMAKE_CUDA_ARCHITECTURES=86; run the registered qwen3_8_27b artifact on devices 0,1 with INT8 KV and the declared text/MTP3/serving matrices.
  exit:
    | Full TP2 is the only delivered dual-GPU route; partial graph sharding remains a diagnostic baseline and is not a product alternative.
  evidence_strategy:
    | Use the SM86 qualification build and ctest, independent multi-device Op tests, real-artifact TP1/TP2 smoke and token/logit parity, CUDA graph tests, and matched bench/serve reports on the two local RTX 3090s.

d D-01 status=accepted t_created=2026-09-26T20:49:47Z t_updated=2026-09-26T20:49:48Z "Use current HEAD as integration base"
  context:
    | Both reference implementations predate 259 or more current commits and conflict across the active execution ownership boundaries.
  options:
    | OC1: Merge the old RTX 3090 graph branch.
    | OC2: Merge the RTX 5090 TP2 branch and retrofit SM86.
    | OC3: Implement against current HEAD while mining both branches for qualified mechanisms and evidence.
  decision:
    | Use current HEAD as the sole implementation base and treat both remote branches as references.
  consequences:
    | Current Engine, Program, Op, artifact, and test ownership remains authoritative; superseded branch-local structures and claims are not imported wholesale.
  validation:
    | A future delivery graph maps every adopted mechanism to current owners and verifies supported behavior on the local dual-RTX-3090 system.

d D-02 status=accepted t_created=2026-09-26T20:49:48Z t_updated=2026-09-26T23:15:52Z "Prefer full TP2 with NVLink transport"
  context:
    | The old graph route is groupwise-only, leaves most execution on rank 0, and disables multi-device CUDA Graphs; the newer TP2 route has coherent per-rank weights, heads, state, collectives, and graph ownership but assumes SM120 and PCIe host staging.
  options:
    | OC1: Restore the old MLP split and layer-sharded KV route.
    | OC2: Port the complete TP2 partition and retain host-staged transport.
    | OC3: Port the complete TP2 partition to current SM86 Ops and specialize transport for the validated NVLink peers.
  decision:
    | Select OC3 if Q-01 confirms dual RTX 3090 TP2 scope and Q-02 validates captured NVLink transport.
  consequences:
    | The work becomes a current-architecture multi-device Program design, not a compatibility patch; shard geometry, memory planning, graph capture, MTP transactions, and single-GPU behavior require direct qualification.
  validation:
    | Close Q-02 and Q-03, then require Op-oracle evidence, real-artifact TP1 and TP2 behavior, and matched end-to-end performance at declared workloads.

d D-03 status=accepted t_created=2026-09-26T20:53:30Z t_updated=2026-09-26T20:53:32Z "Adopt the focused dual-RTX-3090 scope"
  context:
    | The project needs a bounded first dual-GPU product contract before transport and shard-map experiments can define implementation work.
  options:
    | OC1: Restore the old partial groupwise graph route as-is.
    | OC2: Port every 27B identity and YaRN extended context in one delivery.
    | OC3: Add a focused Qwen3.8-27B groupwise-int dual route while preserving the current single-GPU product.
  decision:
    | Use one process and one resident model across two NVLink-connected RTX 3090s; preserve the single-GPU route; initially support Qwen3.8-27B groupwise-int Text, MTP, prefix reuse, CLI, and serving at the native 262,144-token ceiling.
  consequences:
    | Vision, Qwen3.6-35B-A3B, NVFP4, and YaRN extended context are outside the initial dual-GPU route and must not enlarge its first delivery.
  validation:
    | Qualify the exact dual route on the local pair with independent Op criteria, real-artifact behavior, single-GPU regression evidence, and matched end-to-end performance.

d D-04 status=proposed t_created=2026-09-26T21:01:14Z t_updated=2026-09-26T21:01:15Z "Select the measured SM86 shard map for TP2 delivery"
  context:
    | The current references disagree on whether SM86 should use full tensor parallelism or partial graph parallelism.
  options:
    | Full TP2 with NVLink collectives; partial MLP plus layer-sharded KV; single-GPU baseline.
  decision:
    | Select the route that wins matched supported workloads while preserving numerical behavior and single-GPU behavior.
  consequences:
    | Future implementation work must qualify the selected shard geometry, transport, state ownership, and graph addresses directly on dual RTX 3090 hardware.
  validation:
    | Close W-03 with independent Op-oracle and matched end-to-end evidence.

q Q-01 status=answered cynefin=complicated t_created=2026-09-26T20:49:43Z t_updated=2026-09-26T20:53:30Z "Which dual-GPU product scope applies?"
  why:
    | The branch and remotes imply a two-device feature, while the active README, AGENTS.md, and inherited maintainer references define incompatible hardware and feature contracts.
  hypothesis:
    | This branch targets two NVLink-connected RTX 3090s, keeps the single-GPU route, and first qualifies Qwen3.8-27B groupwise-int at the native 262,144-token ceiling.
  exit:
    | The user selects supported hardware, artifact identities, context ceiling, Vision and speculative behavior, and whether the single-GPU route remains supported.
  outcome:
    | Confirmed scope: one process and one resident model across two NVLink-connected RTX 3090s; preserve the existing single-GPU route; initially qualify Qwen3.8-27B groupwise-int Text, MTP, prefix reuse, CLI, and serving at the native 262,144-token ceiling; defer Vision, 35B, NVFP4, and YaRN extended context.

q Q-02 status=answered cynefin=complicated t_created=2026-09-26T20:49:43Z t_updated=2026-09-26T20:59:40Z "Can SM86 NVLink transport be graph-captured?"
  why:
    | The old RTX 3090 reference disables multi-device CUDA Graphs, while the newer TP2 design captures one fork-and-join graph using UVA device copies.
  hypothesis:
    | After bidirectional peer access is enabled, UVA cudaMemcpyAsync transfers between the RTX 3090s remain capturable and use NVLink rather than host staging.
  exit:
    | A focused SM86 probe captures and replays a two-device transfer with exact data validation, confirms the transfer path, and records eager and captured latency.
  outcome:
    | Yes for the measured SM86 pair: bidirectional peer access, event-enrolled second stream, UVA peer copies and a single two-device graph captured and replayed with exact bidirectional 16 MiB payloads twice; 2 graph memcpy nodes.
    | NVLink counters measured 432 MiB Tx and Rx over four links during 27 repetitions; eager/captured median 0.661/0.656 ms for 16 MiB each way (driver 595.91.07). Driver API probe only: CUDA runtime integration and real-model scheduling remain unqualified without nvcc/build/artifact.

q Q-03 status=open cynefin=complex t_created=2026-09-26T20:49:44Z t_updated=2026-09-26T21:01:24Z "Which SM86 shard map maximizes end-to-end performance?"
  why:
    | The old reference splits only dense MLP work and assigns full-attention layers by device, while the newer reference shards every major 27B Op and state surface.
  hypothesis:
    | Full TP2 partitioning wins at useful prefill, decode, and cohort shapes because it halves weight and KV traffic per card despite more collectives.
  exit:
    | Independent Op qualification and matched end-to-end measurements distinguish full TP2, partial MLP plus layer-sharded KV, and the single-GPU baseline at representative C1 and C8 workloads.

q Q-04 status=open cynefin=complicated t_created=2026-09-26T21:01:15Z t_updated=2026-09-26T21:01:15Z "Which transport and collective profile is required by the winning shard map?"
  exit:
    | The winning route's required transport and collective profile is recorded as an implementation constraint or the question is dropped with a reason.

b B-01 status=validated cynefin=clear t_created=2026-09-26T20:49:44Z t_updated=2026-09-26T20:49:45Z "Local RTX 3090 peers expose NVLink"
  vm:
    | Inspect GPU identity, compute capability, memory, topology, and link state with nvidia-smi.
  threshold:
    | Exactly two 24 GiB compute-capability 8.6 GPUs are connected by active bidirectional NVLink links.
  result:
    | Two NVIDIA GeForce RTX 3090 devices report compute capability 8.6 and 24,576 MiB each; topology is NV4 and all four links per GPU report 14.062 GB/s.

b B-02 status=validated cynefin=complicated t_created=2026-09-26T20:49:45Z t_updated=2026-09-26T20:49:45Z "Reference branches require architectural forward-porting"
  vm:
    | Compare merge bases, commit distance, overlapping changed files, and three-way textual merge conflicts against current HEAD.
  threshold:
    | A reference more than 200 current commits behind with conflicts across active Engine, Program, Op, artifact, and test surfaces is not used as a merge base.
  result:
    | The RTX 3090 reference is 259 current commits behind, overlaps 53 changed files, and yields 86 conflict markers; the TP2 reference is 263 commits behind, overlaps 72 changed files, and yields 109 conflict markers.

b B-03 status=validated cynefin=clear t_created=2026-09-26T20:49:46Z t_updated=2026-09-26T20:49:46Z "Native CUDA qualification is currently unavailable"
  vm:
    | Inspect nvcc availability and local build, artifact, and profile directories.
  threshold:
    | Native qualification requires nvcc plus a configured build and the explicit target artifact.
  result:
    | The host exposes both GPUs and CMake 4.2.3, but nvcc is absent and build, out, and profiles directories do not exist.

b B-04 status=validated cynefin=complicated t_created=2026-09-26T20:49:46Z t_updated=2026-09-26T20:59:40Z "SM86 NVLink transfers are graph-capturable"
  vm:
    | Adapt the TP2 capture probe to SM86, enable peer access in both directions, and validate repeated cross-device copies inside one CUDA Graph.
  threshold:
    | Capture and replay succeed with exact payloads, no host staging, and transfer latency consistent with NVLink rather than PCIe host bounce.
  result:
    | On two RTX 3090s (driver 595.91.07), a CUDA driver API probe enabled bidirectional peer access, captured UVA cuMemcpyAsync on two event-linked streams in one graph (2 memcpy nodes), instantiated and replayed twice with exact 16 MiB payloads in both directions.
    | nvidia-smi NVLink data counters rose 110592 KiB per link in each direction during 27 bidirectional copies, exactly 27 x 16384 KiB divided across four links; no host-staged copy was used.
    | Median of 12 sequential 16 MiB each-way transfers: eager 0.661 ms, captured 0.656 ms; ~51 GB/s aggregate. Probe: python3 /tmp/grove_q02_probe.py using libcuda.so.1, not a compiled runtime/model qualification.

b B-05 status=proposed cynefin=complex t_created=2026-09-26T20:49:46Z t_updated=2026-09-26T20:49:47Z "Full TP2 outperforms partial graph parallelism"
  vm:
    | Qualify shard extents against independent oracles, then compare matched prefill, decode, MTP3, and C8 serving workloads against partial and single-GPU routes.
  threshold:
    | Full TP2 preserves supported numerical behavior and materially improves the selected product workload without regressing its single-GPU route.

b B-06 status=proposed cynefin=complex t_created=2026-09-26T21:01:15Z t_updated=2026-09-26T21:01:16Z "The selected SM86 shard map preserves numerical behavior and wins at confirmed workloads"
  vm:
    | Compare independent oracle error and matched prefill, decode, MTP3, and C8 serving throughput across the candidate shard maps.
  threshold:
    | The selected route meets the supported numerical criterion and materially improves the declared dual-GPU workloads without regressing the single-GPU route.

y Y-01 status=active t_created=2026-09-26T20:53:32Z t_updated=2026-09-26T20:53:32Z "Dual RTX 3090 product scope"
  tags: product-contract, tp2, nvlink
  invariant:
    | Dual execution uses one process and one resident model across two NVLink-connected RTX 3090s while retaining the existing single-GPU route.
    | The initial dual route supports Qwen3.8-27B groupwise-int Text, MTP, prefix reuse, CLI, and serving at the native 262,144-token ceiling.
    | Vision, Qwen3.6-35B-A3B, NVFP4, and YaRN extended context are outside the initial dual-GPU route.
  why:
    | The user explicitly confirmed the focused initial dual-GPU contract after repository and reference-branch discovery.

a A-01 status=present t_created=2026-09-26T20:48:18Z t_updated=2026-09-26T20:48:18Z "Execution platform"
  surface: CMakeLists.txt, include/ninfer, src/core, src/artifact, src/ops, src/runtime, src/targets, apps, tests, docs

e B-04 tests Q-02 t_created=2026-09-26T20:49:46Z
e B-05 tests Q-03 t_created=2026-09-26T20:49:46Z
e B-06 targets W-03 t_created=2026-09-26T21:01:16Z
e B-06 tests Q-03 t_created=2026-09-26T21:01:15Z
e Q-01 asks G-01 t_created=2026-09-26T20:49:43Z
e Q-02 asks D-02 t_created=2026-09-26T20:49:48Z
e Q-03 asks D-02 t_created=2026-09-26T20:49:48Z
e W-01 produces B-01 t_created=2026-09-26T20:49:45Z
e W-01 produces B-02 t_created=2026-09-26T20:49:45Z
e W-01 produces B-03 t_created=2026-09-26T20:49:46Z
e W-01 produces B-04 t_created=2026-09-26T20:49:46Z
e W-01 produces B-05 t_created=2026-09-26T20:49:47Z
e W-01 produces D-01 t_created=2026-09-26T20:49:48Z
e W-01 produces D-02 t_created=2026-09-26T20:49:48Z
e W-01 produces Q-01 t_created=2026-09-26T20:49:43Z
e W-01 produces Q-02 t_created=2026-09-26T20:49:44Z
e W-01 produces Q-03 t_created=2026-09-26T20:49:44Z
e W-02 produces D-03 t_created=2026-09-26T20:53:32Z
e W-03 produces B-06 t_created=2026-09-26T21:01:15Z
e W-03 produces D-04 t_created=2026-09-26T21:01:15Z
e W-03 produces Q-03 t_created=2026-09-26T21:01:24Z
e W-03 produces Q-04 t_created=2026-09-26T21:01:15Z
e W-04 implements D-02 t_created=2026-09-26T23:15:52Z
e Y-01 distills D-03 t_created=2026-09-26T20:53:32Z
